
Microsoft Visual Studio Solution File, Format Version 12.00
# Visual Studio 15
VisualStudioVersion = 15.0.28307.572
MinimumVisualStudioVersion = 10.0.40219.1
Project("{FAE04EC0-301F-11D3-BF4B-00C04F79EFBC}") = "Lab16.1", "Lab16.1\Lab16.1.csproj", "{7D0B1F7D-8EC1-40F2-9DD1-8E673F1F20B3}"
EndProject
Global
	GlobalSection(SolutionConfigurationPlatforms) = preSolution
		Debug|Any CPU = Debug|Any CPU
		Release|Any CPU = Release|Any CPU
	EndGlobalSection
	GlobalSection(ProjectConfigurationPlatforms) = postSolution
		{7D0B1F7D-8EC1-40F2-9DD1-8E673F1F20B3}.Debug|Any CPU.ActiveCfg = Debug|Any CPU
		{7D0B1F7D-8EC1-40F2-9DD1-8E673F1F20B3}.Debug|Any CPU.Build.0 = Debug|Any CPU
		{7D0B1F7D-8EC1-40F2-9DD1-8E673F1F20B3}.Release|Any CPU.ActiveCfg = Release|Any CPU
		{7D0B1F7D-8EC1-40F2-9DD1-8E673F1F20B3}.Release|Any CPU.Build.0 = Release|Any CPU
	EndGlobalSection
	GlobalSection(SolutionProperties) = preSolution
		HideSolutionNode = FALSE
	EndGlobalSection
	GlobalSection(ExtensibilityGlobals) = postSolution
		SolutionGuid = {6D410433-9AD7-4E20-AB10-1EF154FACE3A}
	EndGlobalSection
EndGlobal
