
Microsoft Visual Studio Solution File, Format Version 12.00
# Visual Studio 15
VisualStudioVersion = 15.0.28307.572
MinimumVisualStudioVersion = 10.0.40219.1
Project("{FAE04EC0-301F-11D3-BF4B-00C04F79EFBC}") = "Lab13.3", "Lab13.3\Lab13.3.csproj", "{FE39D311-F963-4CCF-A7AF-7CB02AAFD1D3}"
EndProject
Global
	GlobalSection(SolutionConfigurationPlatforms) = preSolution
		Debug|Any CPU = Debug|Any CPU
		Release|Any CPU = Release|Any CPU
	EndGlobalSection
	GlobalSection(ProjectConfigurationPlatforms) = postSolution
		{FE39D311-F963-4CCF-A7AF-7CB02AAFD1D3}.Debug|Any CPU.ActiveCfg = Debug|Any CPU
		{FE39D311-F963-4CCF-A7AF-7CB02AAFD1D3}.Debug|Any CPU.Build.0 = Debug|Any CPU
		{FE39D311-F963-4CCF-A7AF-7CB02AAFD1D3}.Release|Any CPU.ActiveCfg = Release|Any CPU
		{FE39D311-F963-4CCF-A7AF-7CB02AAFD1D3}.Release|Any CPU.Build.0 = Release|Any CPU
	EndGlobalSection
	GlobalSection(SolutionProperties) = preSolution
		HideSolutionNode = FALSE
	EndGlobalSection
	GlobalSection(ExtensibilityGlobals) = postSolution
		SolutionGuid = {74099441-D358-466C-A730-BD9D73851155}
	EndGlobalSection
EndGlobal
