
Microsoft Visual Studio Solution File, Format Version 12.00
# Visual Studio 15
VisualStudioVersion = 15.0.28307.572
MinimumVisualStudioVersion = 10.0.40219.1
Project("{FAE04EC0-301F-11D3-BF4B-00C04F79EFBC}") = "Lab18.5", "Lab18.5\Lab18.5.csproj", "{00F2BA5F-B994-4AF9-892B-4FE7B6BB22D0}"
EndProject
Global
	GlobalSection(SolutionConfigurationPlatforms) = preSolution
		Debug|Any CPU = Debug|Any CPU
		Release|Any CPU = Release|Any CPU
	EndGlobalSection
	GlobalSection(ProjectConfigurationPlatforms) = postSolution
		{00F2BA5F-B994-4AF9-892B-4FE7B6BB22D0}.Debug|Any CPU.ActiveCfg = Debug|Any CPU
		{00F2BA5F-B994-4AF9-892B-4FE7B6BB22D0}.Debug|Any CPU.Build.0 = Debug|Any CPU
		{00F2BA5F-B994-4AF9-892B-4FE7B6BB22D0}.Release|Any CPU.ActiveCfg = Release|Any CPU
		{00F2BA5F-B994-4AF9-892B-4FE7B6BB22D0}.Release|Any CPU.Build.0 = Release|Any CPU
	EndGlobalSection
	GlobalSection(SolutionProperties) = preSolution
		HideSolutionNode = FALSE
	EndGlobalSection
	GlobalSection(ExtensibilityGlobals) = postSolution
		SolutionGuid = {FB8E4BF0-4446-4CB9-A3F9-DED1DEC60A09}
	EndGlobalSection
EndGlobal
