
Microsoft Visual Studio Solution File, Format Version 12.00
# Visual Studio 15
VisualStudioVersion = 15.0.28307.572
MinimumVisualStudioVersion = 10.0.40219.1
Project("{FAE04EC0-301F-11D3-BF4B-00C04F79EFBC}") = "Lab18.4", "Lab18.4\Lab18.4.csproj", "{5308E1C5-BD76-4D4B-A666-FCB38B0C80FD}"
EndProject
Global
	GlobalSection(SolutionConfigurationPlatforms) = preSolution
		Debug|Any CPU = Debug|Any CPU
		Release|Any CPU = Release|Any CPU
	EndGlobalSection
	GlobalSection(ProjectConfigurationPlatforms) = postSolution
		{5308E1C5-BD76-4D4B-A666-FCB38B0C80FD}.Debug|Any CPU.ActiveCfg = Debug|Any CPU
		{5308E1C5-BD76-4D4B-A666-FCB38B0C80FD}.Debug|Any CPU.Build.0 = Debug|Any CPU
		{5308E1C5-BD76-4D4B-A666-FCB38B0C80FD}.Release|Any CPU.ActiveCfg = Release|Any CPU
		{5308E1C5-BD76-4D4B-A666-FCB38B0C80FD}.Release|Any CPU.Build.0 = Release|Any CPU
	EndGlobalSection
	GlobalSection(SolutionProperties) = preSolution
		HideSolutionNode = FALSE
	EndGlobalSection
	GlobalSection(ExtensibilityGlobals) = postSolution
		SolutionGuid = {5C129C03-45D3-45FF-A0E4-E871A4DA78F4}
	EndGlobalSection
EndGlobal
