
Microsoft Visual Studio Solution File, Format Version 12.00
# Visual Studio 15
VisualStudioVersion = 15.0.28307.572
MinimumVisualStudioVersion = 10.0.40219.1
Project("{FAE04EC0-301F-11D3-BF4B-00C04F79EFBC}") = "Lab7.1", "Lab7.1\Lab7.1.csproj", "{5AC758B8-0528-4CA5-B8F4-88AB5D99364E}"
EndProject
Global
	GlobalSection(SolutionConfigurationPlatforms) = preSolution
		Debug|Any CPU = Debug|Any CPU
		Release|Any CPU = Release|Any CPU
	EndGlobalSection
	GlobalSection(ProjectConfigurationPlatforms) = postSolution
		{5AC758B8-0528-4CA5-B8F4-88AB5D99364E}.Debug|Any CPU.ActiveCfg = Debug|Any CPU
		{5AC758B8-0528-4CA5-B8F4-88AB5D99364E}.Debug|Any CPU.Build.0 = Debug|Any CPU
		{5AC758B8-0528-4CA5-B8F4-88AB5D99364E}.Release|Any CPU.ActiveCfg = Release|Any CPU
		{5AC758B8-0528-4CA5-B8F4-88AB5D99364E}.Release|Any CPU.Build.0 = Release|Any CPU
	EndGlobalSection
	GlobalSection(SolutionProperties) = preSolution
		HideSolutionNode = FALSE
	EndGlobalSection
	GlobalSection(ExtensibilityGlobals) = postSolution
		SolutionGuid = {D4ECCCBC-6622-4632-8FA0-E66B05E8BDA9}
	EndGlobalSection
EndGlobal
