
Microsoft Visual Studio Solution File, Format Version 12.00
# Visual Studio 15
VisualStudioVersion = 15.0.28307.572
MinimumVisualStudioVersion = 10.0.40219.1
Project("{FAE04EC0-301F-11D3-BF4B-00C04F79EFBC}") = "Lab21.2", "Lab21.2\Lab21.2.csproj", "{F35174BF-8DC7-4407-8A97-ABD7C32D5CA7}"
EndProject
Project("{FAE04EC0-301F-11D3-BF4B-00C04F79EFBC}") = "Lab21.1", "..\Lab21.1\Lab21.1\Lab21.1.csproj", "{31EE9F2D-C2DA-4DF4-9B02-F0849C664B27}"
EndProject
Global
	GlobalSection(SolutionConfigurationPlatforms) = preSolution
		Debug|Any CPU = Debug|Any CPU
		Release|Any CPU = Release|Any CPU
	EndGlobalSection
	GlobalSection(ProjectConfigurationPlatforms) = postSolution
		{F35174BF-8DC7-4407-8A97-ABD7C32D5CA7}.Debug|Any CPU.ActiveCfg = Debug|Any CPU
		{F35174BF-8DC7-4407-8A97-ABD7C32D5CA7}.Debug|Any CPU.Build.0 = Debug|Any CPU
		{F35174BF-8DC7-4407-8A97-ABD7C32D5CA7}.Release|Any CPU.ActiveCfg = Release|Any CPU
		{F35174BF-8DC7-4407-8A97-ABD7C32D5CA7}.Release|Any CPU.Build.0 = Release|Any CPU
		{31EE9F2D-C2DA-4DF4-9B02-F0849C664B27}.Debug|Any CPU.ActiveCfg = Debug|Any CPU
		{31EE9F2D-C2DA-4DF4-9B02-F0849C664B27}.Debug|Any CPU.Build.0 = Debug|Any CPU
		{31EE9F2D-C2DA-4DF4-9B02-F0849C664B27}.Release|Any CPU.ActiveCfg = Release|Any CPU
		{31EE9F2D-C2DA-4DF4-9B02-F0849C664B27}.Release|Any CPU.Build.0 = Release|Any CPU
	EndGlobalSection
	GlobalSection(SolutionProperties) = preSolution
		HideSolutionNode = FALSE
	EndGlobalSection
	GlobalSection(ExtensibilityGlobals) = postSolution
		SolutionGuid = {DD400BBA-FEE3-4106-B828-C3E2D9C95139}
	EndGlobalSection
EndGlobal
