
Microsoft Visual Studio Solution File, Format Version 12.00
# Visual Studio 15
VisualStudioVersion = 15.0.28307.572
MinimumVisualStudioVersion = 10.0.40219.1
Project("{FAE04EC0-301F-11D3-BF4B-00C04F79EFBC}") = "Lab12.1", "Lab12.1\Lab12.1.csproj", "{C3720B9F-1453-404D-934D-87F31BC87917}"
EndProject
Global
	GlobalSection(SolutionConfigurationPlatforms) = preSolution
		Debug|Any CPU = Debug|Any CPU
		Release|Any CPU = Release|Any CPU
	EndGlobalSection
	GlobalSection(ProjectConfigurationPlatforms) = postSolution
		{C3720B9F-1453-404D-934D-87F31BC87917}.Debug|Any CPU.ActiveCfg = Debug|Any CPU
		{C3720B9F-1453-404D-934D-87F31BC87917}.Debug|Any CPU.Build.0 = Debug|Any CPU
		{C3720B9F-1453-404D-934D-87F31BC87917}.Release|Any CPU.ActiveCfg = Release|Any CPU
		{C3720B9F-1453-404D-934D-87F31BC87917}.Release|Any CPU.Build.0 = Release|Any CPU
	EndGlobalSection
	GlobalSection(SolutionProperties) = preSolution
		HideSolutionNode = FALSE
	EndGlobalSection
	GlobalSection(ExtensibilityGlobals) = postSolution
		SolutionGuid = {92332599-BA45-4BCB-848B-81ABEF36C268}
	EndGlobalSection
EndGlobal
