
Microsoft Visual Studio Solution File, Format Version 12.00
# Visual Studio 15
VisualStudioVersion = 15.0.28307.572
MinimumVisualStudioVersion = 10.0.40219.1
Project("{FAE04EC0-301F-11D3-BF4B-00C04F79EFBC}") = "Lab17.1", "Lab17.1\Lab17.1.csproj", "{DA0959A6-8025-4C71-850B-B4F06A77A4A0}"
EndProject
Project("{FAE04EC0-301F-11D3-BF4B-00C04F79EFBC}") = "Lab17.2", "..\Lab17.2\Lab17.2\Lab17.2.csproj", "{0B493A49-FC04-45D0-8C64-71D8DE89355B}"
EndProject
Project("{FAE04EC0-301F-11D3-BF4B-00C04F79EFBC}") = "Lab17.3", "..\Lab17.3\Lab17.3\Lab17.3.csproj", "{509A980D-0B28-4B93-B1DB-B2A80BF9891B}"
EndProject
Project("{FAE04EC0-301F-11D3-BF4B-00C04F79EFBC}") = "Lab17.4", "..\Lab17.4\Lab17.4\Lab17.4.csproj", "{49C68653-443E-4B6C-A5E6-22201DF41A23}"
EndProject
Project("{FAE04EC0-301F-11D3-BF4B-00C04F79EFBC}") = "Lab17.5", "..\Lab17.5\Lab17.5\Lab17.5.csproj", "{7A630B0A-2E4E-41EE-BE4A-98CAB3BD6CE1}"
EndProject
Global
	GlobalSection(SolutionConfigurationPlatforms) = preSolution
		Debug|Any CPU = Debug|Any CPU
		Release|Any CPU = Release|Any CPU
	EndGlobalSection
	GlobalSection(ProjectConfigurationPlatforms) = postSolution
		{DA0959A6-8025-4C71-850B-B4F06A77A4A0}.Debug|Any CPU.ActiveCfg = Debug|Any CPU
		{DA0959A6-8025-4C71-850B-B4F06A77A4A0}.Debug|Any CPU.Build.0 = Debug|Any CPU
		{DA0959A6-8025-4C71-850B-B4F06A77A4A0}.Release|Any CPU.ActiveCfg = Release|Any CPU
		{DA0959A6-8025-4C71-850B-B4F06A77A4A0}.Release|Any CPU.Build.0 = Release|Any CPU
		{0B493A49-FC04-45D0-8C64-71D8DE89355B}.Debug|Any CPU.ActiveCfg = Debug|Any CPU
		{0B493A49-FC04-45D0-8C64-71D8DE89355B}.Debug|Any CPU.Build.0 = Debug|Any CPU
		{0B493A49-FC04-45D0-8C64-71D8DE89355B}.Release|Any CPU.ActiveCfg = Release|Any CPU
		{0B493A49-FC04-45D0-8C64-71D8DE89355B}.Release|Any CPU.Build.0 = Release|Any CPU
		{509A980D-0B28-4B93-B1DB-B2A80BF9891B}.Debug|Any CPU.ActiveCfg = Debug|Any CPU
		{509A980D-0B28-4B93-B1DB-B2A80BF9891B}.Debug|Any CPU.Build.0 = Debug|Any CPU
		{509A980D-0B28-4B93-B1DB-B2A80BF9891B}.Release|Any CPU.ActiveCfg = Release|Any CPU
		{509A980D-0B28-4B93-B1DB-B2A80BF9891B}.Release|Any CPU.Build.0 = Release|Any CPU
		{49C68653-443E-4B6C-A5E6-22201DF41A23}.Debug|Any CPU.ActiveCfg = Debug|Any CPU
		{49C68653-443E-4B6C-A5E6-22201DF41A23}.Debug|Any CPU.Build.0 = Debug|Any CPU
		{49C68653-443E-4B6C-A5E6-22201DF41A23}.Release|Any CPU.ActiveCfg = Release|Any CPU
		{49C68653-443E-4B6C-A5E6-22201DF41A23}.Release|Any CPU.Build.0 = Release|Any CPU
		{7A630B0A-2E4E-41EE-BE4A-98CAB3BD6CE1}.Debug|Any CPU.ActiveCfg = Debug|Any CPU
		{7A630B0A-2E4E-41EE-BE4A-98CAB3BD6CE1}.Debug|Any CPU.Build.0 = Debug|Any CPU
		{7A630B0A-2E4E-41EE-BE4A-98CAB3BD6CE1}.Release|Any CPU.ActiveCfg = Release|Any CPU
		{7A630B0A-2E4E-41EE-BE4A-98CAB3BD6CE1}.Release|Any CPU.Build.0 = Release|Any CPU
	EndGlobalSection
	GlobalSection(SolutionProperties) = preSolution
		HideSolutionNode = FALSE
	EndGlobalSection
	GlobalSection(ExtensibilityGlobals) = postSolution
		SolutionGuid = {92A1DBC2-0DE2-4391-8449-06F1F99CF48C}
	EndGlobalSection
EndGlobal
