
Microsoft Visual Studio Solution File, Format Version 12.00
# Visual Studio 15
VisualStudioVersion = 15.0.28307.572
MinimumVisualStudioVersion = 10.0.40219.1
Project("{FAE04EC0-301F-11D3-BF4B-00C04F79EFBC}") = "Lab5.1", "Lab5.1\Lab5.1.csproj", "{34BCD3B8-2AAC-4C3C-A63B-FE02BFA212BA}"
EndProject
Global
	GlobalSection(SolutionConfigurationPlatforms) = preSolution
		Debug|Any CPU = Debug|Any CPU
		Release|Any CPU = Release|Any CPU
	EndGlobalSection
	GlobalSection(ProjectConfigurationPlatforms) = postSolution
		{34BCD3B8-2AAC-4C3C-A63B-FE02BFA212BA}.Debug|Any CPU.ActiveCfg = Debug|Any CPU
		{34BCD3B8-2AAC-4C3C-A63B-FE02BFA212BA}.Debug|Any CPU.Build.0 = Debug|Any CPU
		{34BCD3B8-2AAC-4C3C-A63B-FE02BFA212BA}.Release|Any CPU.ActiveCfg = Release|Any CPU
		{34BCD3B8-2AAC-4C3C-A63B-FE02BFA212BA}.Release|Any CPU.Build.0 = Release|Any CPU
	EndGlobalSection
	GlobalSection(SolutionProperties) = preSolution
		HideSolutionNode = FALSE
	EndGlobalSection
	GlobalSection(ExtensibilityGlobals) = postSolution
		SolutionGuid = {7F494BCC-E4EB-4752-B561-D7FAB9215233}
	EndGlobalSection
EndGlobal
