
Microsoft Visual Studio Solution File, Format Version 12.00
# Visual Studio 15
VisualStudioVersion = 15.0.28307.572
MinimumVisualStudioVersion = 10.0.40219.1
Project("{FAE04EC0-301F-11D3-BF4B-00C04F79EFBC}") = "Lab10.5", "Lab10.5\Lab10.5.csproj", "{ECF2F45A-B3DA-4B7B-B4A7-C4A02253EA02}"
EndProject
Global
	GlobalSection(SolutionConfigurationPlatforms) = preSolution
		Debug|Any CPU = Debug|Any CPU
		Release|Any CPU = Release|Any CPU
	EndGlobalSection
	GlobalSection(ProjectConfigurationPlatforms) = postSolution
		{ECF2F45A-B3DA-4B7B-B4A7-C4A02253EA02}.Debug|Any CPU.ActiveCfg = Debug|Any CPU
		{ECF2F45A-B3DA-4B7B-B4A7-C4A02253EA02}.Debug|Any CPU.Build.0 = Debug|Any CPU
		{ECF2F45A-B3DA-4B7B-B4A7-C4A02253EA02}.Release|Any CPU.ActiveCfg = Release|Any CPU
		{ECF2F45A-B3DA-4B7B-B4A7-C4A02253EA02}.Release|Any CPU.Build.0 = Release|Any CPU
	EndGlobalSection
	GlobalSection(SolutionProperties) = preSolution
		HideSolutionNode = FALSE
	EndGlobalSection
	GlobalSection(ExtensibilityGlobals) = postSolution
		SolutionGuid = {22E30D79-3F85-4CCF-9387-529B627C88D7}
	EndGlobalSection
EndGlobal
