
Microsoft Visual Studio Solution File, Format Version 12.00
# Visual Studio 15
VisualStudioVersion = 15.0.28307.572
MinimumVisualStudioVersion = 10.0.40219.1
Project("{FAE04EC0-301F-11D3-BF4B-00C04F79EFBC}") = "Lab2.3", "Lab2.3\Lab2.3.csproj", "{D4A299B0-F5B3-436B-BD1E-83C44EB26535}"
EndProject
Global
	GlobalSection(SolutionConfigurationPlatforms) = preSolution
		Debug|Any CPU = Debug|Any CPU
		Release|Any CPU = Release|Any CPU
	EndGlobalSection
	GlobalSection(ProjectConfigurationPlatforms) = postSolution
		{D4A299B0-F5B3-436B-BD1E-83C44EB26535}.Debug|Any CPU.ActiveCfg = Debug|Any CPU
		{D4A299B0-F5B3-436B-BD1E-83C44EB26535}.Debug|Any CPU.Build.0 = Debug|Any CPU
		{D4A299B0-F5B3-436B-BD1E-83C44EB26535}.Release|Any CPU.ActiveCfg = Release|Any CPU
		{D4A299B0-F5B3-436B-BD1E-83C44EB26535}.Release|Any CPU.Build.0 = Release|Any CPU
	EndGlobalSection
	GlobalSection(SolutionProperties) = preSolution
		HideSolutionNode = FALSE
	EndGlobalSection
	GlobalSection(ExtensibilityGlobals) = postSolution
		SolutionGuid = {E4D5B1B2-D8B2-4D74-850C-78228B2995FD}
	EndGlobalSection
EndGlobal
