
Microsoft Visual Studio Solution File, Format Version 12.00
# Visual Studio 15
VisualStudioVersion = 15.0.28307.572
MinimumVisualStudioVersion = 10.0.40219.1
Project("{FAE04EC0-301F-11D3-BF4B-00C04F79EFBC}") = "Lab14.3", "Lab14.3\Lab14.3.csproj", "{3AAB7B64-1956-40A0-8D7C-308702CA26BA}"
EndProject
Global
	GlobalSection(SolutionConfigurationPlatforms) = preSolution
		Debug|Any CPU = Debug|Any CPU
		Release|Any CPU = Release|Any CPU
	EndGlobalSection
	GlobalSection(ProjectConfigurationPlatforms) = postSolution
		{3AAB7B64-1956-40A0-8D7C-308702CA26BA}.Debug|Any CPU.ActiveCfg = Debug|Any CPU
		{3AAB7B64-1956-40A0-8D7C-308702CA26BA}.Debug|Any CPU.Build.0 = Debug|Any CPU
		{3AAB7B64-1956-40A0-8D7C-308702CA26BA}.Release|Any CPU.ActiveCfg = Release|Any CPU
		{3AAB7B64-1956-40A0-8D7C-308702CA26BA}.Release|Any CPU.Build.0 = Release|Any CPU
	EndGlobalSection
	GlobalSection(SolutionProperties) = preSolution
		HideSolutionNode = FALSE
	EndGlobalSection
	GlobalSection(ExtensibilityGlobals) = postSolution
		SolutionGuid = {CE9EBC35-B939-4DD5-89A6-8255E41119D9}
	EndGlobalSection
EndGlobal
