
Microsoft Visual Studio Solution File, Format Version 12.00
# Visual Studio 15
VisualStudioVersion = 15.0.28307.572
MinimumVisualStudioVersion = 10.0.40219.1
Project("{FAE04EC0-301F-11D3-BF4B-00C04F79EFBC}") = "Lab20.1", "Lab20.1\Lab20.1.csproj", "{57276353-F999-4638-971A-860644C3290F}"
EndProject
Global
	GlobalSection(SolutionConfigurationPlatforms) = preSolution
		Debug|Any CPU = Debug|Any CPU
		Release|Any CPU = Release|Any CPU
	EndGlobalSection
	GlobalSection(ProjectConfigurationPlatforms) = postSolution
		{57276353-F999-4638-971A-860644C3290F}.Debug|Any CPU.ActiveCfg = Debug|Any CPU
		{57276353-F999-4638-971A-860644C3290F}.Debug|Any CPU.Build.0 = Debug|Any CPU
		{57276353-F999-4638-971A-860644C3290F}.Release|Any CPU.ActiveCfg = Release|Any CPU
		{57276353-F999-4638-971A-860644C3290F}.Release|Any CPU.Build.0 = Release|Any CPU
	EndGlobalSection
	GlobalSection(SolutionProperties) = preSolution
		HideSolutionNode = FALSE
	EndGlobalSection
	GlobalSection(ExtensibilityGlobals) = postSolution
		SolutionGuid = {A78F7A1F-D086-4C90-BF74-FC17BE79A52B}
	EndGlobalSection
EndGlobal
