
Microsoft Visual Studio Solution File, Format Version 12.00
# Visual Studio 15
VisualStudioVersion = 15.0.28307.572
MinimumVisualStudioVersion = 10.0.40219.1
Project("{FAE04EC0-301F-11D3-BF4B-00C04F79EFBC}") = "Lab10.1", "Lab10.1\Lab10.1.csproj", "{255E3A1F-1060-4C24-AE9D-FB2F6AC49A4E}"
EndProject
Global
	GlobalSection(SolutionConfigurationPlatforms) = preSolution
		Debug|Any CPU = Debug|Any CPU
		Release|Any CPU = Release|Any CPU
	EndGlobalSection
	GlobalSection(ProjectConfigurationPlatforms) = postSolution
		{255E3A1F-1060-4C24-AE9D-FB2F6AC49A4E}.Debug|Any CPU.ActiveCfg = Debug|Any CPU
		{255E3A1F-1060-4C24-AE9D-FB2F6AC49A4E}.Debug|Any CPU.Build.0 = Debug|Any CPU
		{255E3A1F-1060-4C24-AE9D-FB2F6AC49A4E}.Release|Any CPU.ActiveCfg = Release|Any CPU
		{255E3A1F-1060-4C24-AE9D-FB2F6AC49A4E}.Release|Any CPU.Build.0 = Release|Any CPU
	EndGlobalSection
	GlobalSection(SolutionProperties) = preSolution
		HideSolutionNode = FALSE
	EndGlobalSection
	GlobalSection(ExtensibilityGlobals) = postSolution
		SolutionGuid = {CE43D7A9-0670-49FD-97F0-ED09FB3D2996}
	EndGlobalSection
EndGlobal
