
Microsoft Visual Studio Solution File, Format Version 12.00
# Visual Studio 15
VisualStudioVersion = 15.0.28307.572
MinimumVisualStudioVersion = 10.0.40219.1
Project("{FAE04EC0-301F-11D3-BF4B-00C04F79EFBC}") = "Lab9.3", "Lab9.3\Lab9.3.csproj", "{63FF41E4-3884-428F-95B6-13E1CB6F3606}"
EndProject
Global
	GlobalSection(SolutionConfigurationPlatforms) = preSolution
		Debug|Any CPU = Debug|Any CPU
		Release|Any CPU = Release|Any CPU
	EndGlobalSection
	GlobalSection(ProjectConfigurationPlatforms) = postSolution
		{63FF41E4-3884-428F-95B6-13E1CB6F3606}.Debug|Any CPU.ActiveCfg = Debug|Any CPU
		{63FF41E4-3884-428F-95B6-13E1CB6F3606}.Debug|Any CPU.Build.0 = Debug|Any CPU
		{63FF41E4-3884-428F-95B6-13E1CB6F3606}.Release|Any CPU.ActiveCfg = Release|Any CPU
		{63FF41E4-3884-428F-95B6-13E1CB6F3606}.Release|Any CPU.Build.0 = Release|Any CPU
	EndGlobalSection
	GlobalSection(SolutionProperties) = preSolution
		HideSolutionNode = FALSE
	EndGlobalSection
	GlobalSection(ExtensibilityGlobals) = postSolution
		SolutionGuid = {7AAC823E-326D-454E-90BF-5E39600D07E1}
	EndGlobalSection
EndGlobal
