
Microsoft Visual Studio Solution File, Format Version 12.00
# Visual Studio 15
VisualStudioVersion = 15.0.28307.572
MinimumVisualStudioVersion = 10.0.40219.1
Project("{FAE04EC0-301F-11D3-BF4B-00C04F79EFBC}") = "Lab9.4", "Lab9.4\Lab9.4.csproj", "{DC79FDF1-EF3B-4404-B577-A9377AD29412}"
EndProject
Global
	GlobalSection(SolutionConfigurationPlatforms) = preSolution
		Debug|Any CPU = Debug|Any CPU
		Release|Any CPU = Release|Any CPU
	EndGlobalSection
	GlobalSection(ProjectConfigurationPlatforms) = postSolution
		{DC79FDF1-EF3B-4404-B577-A9377AD29412}.Debug|Any CPU.ActiveCfg = Debug|Any CPU
		{DC79FDF1-EF3B-4404-B577-A9377AD29412}.Debug|Any CPU.Build.0 = Debug|Any CPU
		{DC79FDF1-EF3B-4404-B577-A9377AD29412}.Release|Any CPU.ActiveCfg = Release|Any CPU
		{DC79FDF1-EF3B-4404-B577-A9377AD29412}.Release|Any CPU.Build.0 = Release|Any CPU
	EndGlobalSection
	GlobalSection(SolutionProperties) = preSolution
		HideSolutionNode = FALSE
	EndGlobalSection
	GlobalSection(ExtensibilityGlobals) = postSolution
		SolutionGuid = {2619FF5E-A8C4-425F-83BD-8710818F3493}
	EndGlobalSection
EndGlobal
