
Microsoft Visual Studio Solution File, Format Version 12.00
# Visual Studio 15
VisualStudioVersion = 15.0.28307.572
MinimumVisualStudioVersion = 10.0.40219.1
Project("{FAE04EC0-301F-11D3-BF4B-00C04F79EFBC}") = "Lab4.5", "Lab4.5\Lab4.5.csproj", "{C1304D5A-ED91-4212-ADEA-A1D4B2E9275E}"
EndProject
Global
	GlobalSection(SolutionConfigurationPlatforms) = preSolution
		Debug|Any CPU = Debug|Any CPU
		Release|Any CPU = Release|Any CPU
	EndGlobalSection
	GlobalSection(ProjectConfigurationPlatforms) = postSolution
		{C1304D5A-ED91-4212-ADEA-A1D4B2E9275E}.Debug|Any CPU.ActiveCfg = Debug|Any CPU
		{C1304D5A-ED91-4212-ADEA-A1D4B2E9275E}.Debug|Any CPU.Build.0 = Debug|Any CPU
		{C1304D5A-ED91-4212-ADEA-A1D4B2E9275E}.Release|Any CPU.ActiveCfg = Release|Any CPU
		{C1304D5A-ED91-4212-ADEA-A1D4B2E9275E}.Release|Any CPU.Build.0 = Release|Any CPU
	EndGlobalSection
	GlobalSection(SolutionProperties) = preSolution
		HideSolutionNode = FALSE
	EndGlobalSection
	GlobalSection(ExtensibilityGlobals) = postSolution
		SolutionGuid = {8340FBEF-43F2-4529-A264-947C48482D88}
	EndGlobalSection
EndGlobal
